// !$*UTF8*$!
{
	archiveVersion = 1;
	classes = {
	};
	objectVersion = 46;
	objects = {

/* Begin PBXBuildFile section */
		2D64899EF81D029CB869C98E /* libPods-TLMessageView.a in Frameworks */ = {isa = PBXBuildFile; fileRef = 791DEB54B7A6A68D4BE26AF8 /* libPods-TLMessageView.a */; };
		6529C99A1D686F46001FB89A /* TLRCManager.m in Sources */ = {isa = PBXBuildFile; fileRef = 6529C9991D686F46001FB89A /* TLRCManager.m */; };
		6529C9A01D69AF3E001FB89A /* TLPhotoBrowser.m in Sources */ = {isa = PBXBuildFile; fileRef = 6529C99F1D69AF3E001FB89A /* TLPhotoBrowser.m */; };
		65485FEA1D65855700C5D48B /* main.m in Sources */ = {isa = PBXBuildFile; fileRef = 65485FE91D65855700C5D48B /* main.m */; };
		65485FED1D65855700C5D48B /* AppDelegate.m in Sources */ = {isa = PBXBuildFile; fileRef = 65485FEC1D65855700C5D48B /* AppDelegate.m */; };
		65485FF51D65855700C5D48B /* Assets.xcassets in Resources */ = {isa = PBXBuildFile; fileRef = 65485FF41D65855700C5D48B /* Assets.xcassets */; };
		65485FF81D65855700C5D48B /* LaunchScreen.storyboard in Resources */ = {isa = PBXBuildFile; fileRef = 65485FF61D65855700C5D48B /* LaunchScreen.storyboard */; };
		6597B7D01D6AE52A003D7215 /* TLButton.m in Sources */ = {isa = PBXBuildFile; fileRef = 6597B7CF1D6AE52A003D7215 /* TLButton.m */; };
		659A76031D68660400329C83 /* TLMessageCell.m in Sources */ = {isa = PBXBuildFile; fileRef = 659A75FC1D68660400329C83 /* TLMessageCell.m */; };
		659A76041D68660400329C83 /* TLPhotoMessageCell.m in Sources */ = {isa = PBXBuildFile; fileRef = 659A75FE1D68660400329C83 /* TLPhotoMessageCell.m */; };
		659A76051D68660400329C83 /* TLTextMessageCell.m in Sources */ = {isa = PBXBuildFile; fileRef = 659A76001D68660400329C83 /* TLTextMessageCell.m */; };
		659A76061D68660400329C83 /* TLVoiceMessageCell.m in Sources */ = {isa = PBXBuildFile; fileRef = 659A76021D68660400329C83 /* TLVoiceMessageCell.m */; };
		659A76161D68669B00329C83 /* LPlaceholderTextView.m in Sources */ = {isa = PBXBuildFile; fileRef = 659A76131D68669B00329C83 /* LPlaceholderTextView.m */; };
		659A76171D68669B00329C83 /* NSDate+Utils.m in Sources */ = {isa = PBXBuildFile; fileRef = 659A76151D68669B00329C83 /* NSDate+Utils.m */; };
		659A762C1D68689000329C83 /* TLRecordVoice.m in Sources */ = {isa = PBXBuildFile; fileRef = 659A76271D68689000329C83 /* TLRecordVoice.m */; };
		659A762D1D68689000329C83 /* TLVoicePlayer.m in Sources */ = {isa = PBXBuildFile; fileRef = 659A76291D68689000329C83 /* TLVoicePlayer.m */; };
		659A76311D6868A700329C83 /* TLChatViewController.m in Sources */ = {isa = PBXBuildFile; fileRef = 659A76301D6868A700329C83 /* TLChatViewController.m */; };
		659A763B1D6868B300329C83 /* TLChatEmojiBoard.m in Sources */ = {isa = PBXBuildFile; fileRef = 659A76341D6868B300329C83 /* TLChatEmojiBoard.m */; };
		659A763C1D6868B300329C83 /* TLChatInputView.m in Sources */ = {isa = PBXBuildFile; fileRef = 659A76361D6868B300329C83 /* TLChatInputView.m */; };
		659A763D1D6868B300329C83 /* TLPluginBoardView.m in Sources */ = {isa = PBXBuildFile; fileRef = 659A76381D6868B300329C83 /* TLPluginBoardView.m */; };
		659A763E1D6868B300329C83 /* TLRecordVoiceHUD.m in Sources */ = {isa = PBXBuildFile; fileRef = 659A763A1D6868B300329C83 /* TLRecordVoiceHUD.m */; };
/* End PBXBuildFile section */

/* Begin PBXFileReference section */
		6529C9981D686F46001FB89A /* TLRCManager.h */ = {isa = PBXFileReference; fileEncoding = 4; lastKnownFileType = sourcecode.c.h; path = TLRCManager.h; sourceTree = "<group>"; };
		6529C9991D686F46001FB89A /* TLRCManager.m */ = {isa = PBXFileReference; fileEncoding = 4; lastKnownFileType = sourcecode.c.objc; path = TLRCManager.m; sourceTree = "<group>"; };
		6529C99E1D69AF3E001FB89A /* TLPhotoBrowser.h */ = {isa = PBXFileReference; fileEncoding = 4; lastKnownFileType = sourcecode.c.h; path = TLPhotoBrowser.h; sourceTree = "<group>"; };
		6529C99F1D69AF3E001FB89A /* TLPhotoBrowser.m */ = {isa = PBXFileReference; fileEncoding = 4; lastKnownFileType = sourcecode.c.objc; path = TLPhotoBrowser.m; sourceTree = "<group>"; };
		65485FE51D65855700C5D48B /* TLMessageView.app */ = {isa = PBXFileReference; explicitFileType = wrapper.application; includeInIndex = 0; path = TLMessageView.app; sourceTree = BUILT_PRODUCTS_DIR; };
		65485FE91D65855700C5D48B /* main.m */ = {isa = PBXFileReference; lastKnownFileType = sourcecode.c.objc; path = main.m; sourceTree = "<group>"; };
		65485FEB1D65855700C5D48B /* AppDelegate.h */ = {isa = PBXFileReference; lastKnownFileType = sourcecode.c.h; name = AppDelegate.h; path = ../AppDelegate.h; sourceTree = "<group>"; };
		65485FEC1D65855700C5D48B /* AppDelegate.m */ = {isa = PBXFileReference; lastKnownFileType = sourcecode.c.objc; name = AppDelegate.m; path = ../AppDelegate.m; sourceTree = "<group>"; };
		65485FF41D65855700C5D48B /* Assets.xcassets */ = {isa = PBXFileReference; lastKnownFileType = folder.assetcatalog; path = Assets.xcassets; sourceTree = "<group>"; };
		65485FF71D65855700C5D48B /* Base */ = {isa = PBXFileReference; lastKnownFileType = file.storyboard; name = Base; path = Base.lproj/LaunchScreen.storyboard; sourceTree = "<group>"; };
		65485FF91D65855700C5D48B /* Info.plist */ = {isa = PBXFileReference; lastKnownFileType = text.plist.xml; path = Info.plist; sourceTree = "<group>"; };
		654860221D65867100C5D48B /* TLProjectMacro.h */ = {isa = PBXFileReference; lastKnownFileType = sourcecode.c.h; path = TLProjectMacro.h; sourceTree = "<group>"; };
		6597B7CE1D6AE52A003D7215 /* TLButton.h */ = {isa = PBXFileReference; fileEncoding = 4; lastKnownFileType = sourcecode.c.h; path = TLButton.h; sourceTree = "<group>"; };
		6597B7CF1D6AE52A003D7215 /* TLButton.m */ = {isa = PBXFileReference; fileEncoding = 4; lastKnownFileType = sourcecode.c.objc; path = TLButton.m; sourceTree = "<group>"; };
		659A75FB1D68660400329C83 /* TLMessageCell.h */ = {isa = PBXFileReference; fileEncoding = 4; lastKnownFileType = sourcecode.c.h; path = TLMessageCell.h; sourceTree = "<group>"; };
		659A75FC1D68660400329C83 /* TLMessageCell.m */ = {isa = PBXFileReference; fileEncoding = 4; lastKnownFileType = sourcecode.c.objc; path = TLMessageCell.m; sourceTree = "<group>"; };
		659A75FD1D68660400329C83 /* TLPhotoMessageCell.h */ = {isa = PBXFileReference; fileEncoding = 4; lastKnownFileType = sourcecode.c.h; path = TLPhotoMessageCell.h; sourceTree = "<group>"; };
		659A75FE1D68660400329C83 /* TLPhotoMessageCell.m */ = {isa = PBXFileReference; fileEncoding = 4; lastKnownFileType = sourcecode.c.objc; path = TLPhotoMessageCell.m; sourceTree = "<group>"; };
		659A75FF1D68660400329C83 /* TLTextMessageCell.h */ = {isa = PBXFileReference; fileEncoding = 4; lastKnownFileType = sourcecode.c.h; path = TLTextMessageCell.h; sourceTree = "<group>"; };
		659A76001D68660400329C83 /* TLTextMessageCell.m */ = {isa = PBXFileReference; fileEncoding = 4; lastKnownFileType = sourcecode.c.objc; path = TLTextMessageCell.m; sourceTree = "<group>"; };
		659A76011D68660400329C83 /* TLVoiceMessageCell.h */ = {isa = PBXFileReference; fileEncoding = 4; lastKnownFileType = sourcecode.c.h; path = TLVoiceMessageCell.h; sourceTree = "<group>"; };
		659A76021D68660400329C83 /* TLVoiceMessageCell.m */ = {isa = PBXFileReference; fileEncoding = 4; lastKnownFileType = sourcecode.c.objc; path = TLVoiceMessageCell.m; sourceTree = "<group>"; };
		659A76121D68669B00329C83 /* LPlaceholderTextView.h */ = {isa = PBXFileReference; fileEncoding = 4; lastKnownFileType = sourcecode.c.h; path = LPlaceholderTextView.h; sourceTree = "<group>"; };
		659A76131D68669B00329C83 /* LPlaceholderTextView.m */ = {isa = PBXFileReference; fileEncoding = 4; lastKnownFileType = sourcecode.c.objc; path = LPlaceholderTextView.m; sourceTree = "<group>"; };
		659A76141D68669B00329C83 /* NSDate+Utils.h */ = {isa = PBXFileReference; fileEncoding = 4; lastKnownFileType = sourcecode.c.h; path = "NSDate+Utils.h"; sourceTree = "<group>"; };
		659A76151D68669B00329C83 /* NSDate+Utils.m */ = {isa = PBXFileReference; fileEncoding = 4; lastKnownFileType = sourcecode.c.objc; path = "NSDate+Utils.m"; sourceTree = "<group>"; };
		659A76261D68689000329C83 /* TLRecordVoice.h */ = {isa = PBXFileReference; fileEncoding = 4; lastKnownFileType = sourcecode.c.h; path = TLRecordVoice.h; sourceTree = "<group>"; };
		659A76271D68689000329C83 /* TLRecordVoice.m */ = {isa = PBXFileReference; fileEncoding = 4; lastKnownFileType = sourcecode.c.objc; path = TLRecordVoice.m; sourceTree = "<group>"; };
		659A76281D68689000329C83 /* TLVoicePlayer.h */ = {isa = PBXFileReference; fileEncoding = 4; lastKnownFileType = sourcecode.c.h; path = TLVoicePlayer.h; sourceTree = "<group>"; };
		659A76291D68689000329C83 /* TLVoicePlayer.m */ = {isa = PBXFileReference; fileEncoding = 4; lastKnownFileType = sourcecode.c.objc; path = TLVoicePlayer.m; sourceTree = "<group>"; };
		659A762F1D6868A700329C83 /* TLChatViewController.h */ = {isa = PBXFileReference; fileEncoding = 4; lastKnownFileType = sourcecode.c.h; path = TLChatViewController.h; sourceTree = "<group>"; };
		659A76301D6868A700329C83 /* TLChatViewController.m */ = {isa = PBXFileReference; fileEncoding = 4; lastKnownFileType = sourcecode.c.objc; path = TLChatViewController.m; sourceTree = "<group>"; };
		659A76331D6868B300329C83 /* TLChatEmojiBoard.h */ = {isa = PBXFileReference; fileEncoding = 4; lastKnownFileType = sourcecode.c.h; path = TLChatEmojiBoard.h; sourceTree = "<group>"; };
		659A76341D6868B300329C83 /* TLChatEmojiBoard.m */ = {isa = PBXFileReference; fileEncoding = 4; lastKnownFileType = sourcecode.c.objc; path = TLChatEmojiBoard.m; sourceTree = "<group>"; };
		659A76351D6868B300329C83 /* TLChatInputView.h */ = {isa = PBXFileReference; fileEncoding = 4; lastKnownFileType = sourcecode.c.h; path = TLChatInputView.h; sourceTree = "<group>"; };
		659A76361D6868B300329C83 /* TLChatInputView.m */ = {isa = PBXFileReference; fileEncoding = 4; lastKnownFileType = sourcecode.c.objc; path = TLChatInputView.m; sourceTree = "<group>"; };
		659A76371D6868B300329C83 /* TLPluginBoardView.h */ = {isa = PBXFileReference; fileEncoding = 4; lastKnownFileType = sourcecode.c.h; path = TLPluginBoardView.h; sourceTree = "<group>"; };
		659A76381D6868B300329C83 /* TLPluginBoardView.m */ = {isa = PBXFileReference; fileEncoding = 4; lastKnownFileType = sourcecode.c.objc; path = TLPluginBoardView.m; sourceTree = "<group>"; };
		659A76391D6868B300329C83 /* TLRecordVoiceHUD.h */ = {isa = PBXFileReference; fileEncoding = 4; lastKnownFileType = sourcecode.c.h; path = TLRecordVoiceHUD.h; sourceTree = "<group>"; };
		659A763A1D6868B300329C83 /* TLRecordVoiceHUD.m */ = {isa = PBXFileReference; fileEncoding = 4; lastKnownFileType = sourcecode.c.objc; path = TLRecordVoiceHUD.m; sourceTree = "<group>"; };
		6F96D07CC0AB7C0FE3283500 /* Pods-TLMessageView.release.xcconfig */ = {isa = PBXFileReference; includeInIndex = 1; lastKnownFileType = text.xcconfig; name = "Pods-TLMessageView.release.xcconfig"; path = "Pods/Target Support Files/Pods-TLMessageView/Pods-TLMessageView.release.xcconfig"; sourceTree = "<group>"; };
		791DEB54B7A6A68D4BE26AF8 /* libPods-TLMessageView.a */ = {isa = PBXFileReference; explicitFileType = archive.ar; includeInIndex = 0; path = "libPods-TLMessageView.a"; sourceTree = BUILT_PRODUCTS_DIR; };
		BBAD4FEC4CD361ADEA2B4EA9 /* Pods-TLMessageView.debug.xcconfig */ = {isa = PBXFileReference; includeInIndex = 1; lastKnownFileType = text.xcconfig; name = "Pods-TLMessageView.debug.xcconfig"; path = "Pods/Target Support Files/Pods-TLMessageView/Pods-TLMessageView.debug.xcconfig"; sourceTree = "<group>"; };
/* End PBXFileReference section */

/* Begin PBXFrameworksBuildPhase section */
		65485FE21D65855700C5D48B /* Frameworks */ = {
			isa = PBXFrameworksBuildPhase;
			buildActionMask = 2147483647;
			files = (
				2D64899EF81D029CB869C98E /* libPods-TLMessageView.a in Frameworks */,
			);
			runOnlyForDeploymentPostprocessing = 0;
		};
/* End PBXFrameworksBuildPhase section */

/* Begin PBXGroup section */
		33DFF2A66EB7AB4EA5723794 /* Pods */ = {
			isa = PBXGroup;
			children = (
				BBAD4FEC4CD361ADEA2B4EA9 /* Pods-TLMessageView.debug.xcconfig */,
				6F96D07CC0AB7C0FE3283500 /* Pods-TLMessageView.release.xcconfig */,
			);
			name = Pods;
			sourceTree = "<group>";
		};
		65485FDC1D65855700C5D48B = {
			isa = PBXGroup;
			children = (
				65485FE71D65855700C5D48B /* TLMessageView */,
				65485FE61D65855700C5D48B /* Products */,
				33DFF2A66EB7AB4EA5723794 /* Pods */,
				66BC6806D7F92D743898AEB3 /* Frameworks */,
			);
			sourceTree = "<group>";
		};
		65485FE61D65855700C5D48B /* Products */ = {
			isa = PBXGroup;
			children = (
				65485FE51D65855700C5D48B /* TLMessageView.app */,
			);
			name = Products;
			sourceTree = "<group>";
		};
		65485FE71D65855700C5D48B /* TLMessageView */ = {
			isa = PBXGroup;
			children = (
				6548601B1D65857C00C5D48B /* Chat */,
				654860221D65867100C5D48B /* TLProjectMacro.h */,
				65485FF41D65855700C5D48B /* Assets.xcassets */,
				65485FF61D65855700C5D48B /* LaunchScreen.storyboard */,
				65485FF91D65855700C5D48B /* Info.plist */,
				65485FE81D65855700C5D48B /* Supporting Files */,
			);
			path = TLMessageView;
			sourceTree = "<group>";
		};
		65485FE81D65855700C5D48B /* Supporting Files */ = {
			isa = PBXGroup;
			children = (
				65485FE91D65855700C5D48B /* main.m */,
			);
			name = "Supporting Files";
			sourceTree = "<group>";
		};
		6548601B1D65857C00C5D48B /* Chat */ = {
			isa = PBXGroup;
			children = (
				65485FEB1D65855700C5D48B /* AppDelegate.h */,
				65485FEC1D65855700C5D48B /* AppDelegate.m */,
				659A76321D6868B300329C83 /* View */,
				659A762E1D6868A700329C83 /* Controller */,
				659A76111D68669B00329C83 /* Vendor */,
				659A75FA1D68660400329C83 /* Cell */,
			);
			path = Chat;
			sourceTree = "<group>";
		};
		659A75FA1D68660400329C83 /* Cell */ = {
			isa = PBXGroup;
			children = (
				659A75FB1D68660400329C83 /* TLMessageCell.h */,
				659A75FC1D68660400329C83 /* TLMessageCell.m */,
				659A75FD1D68660400329C83 /* TLPhotoMessageCell.h */,
				659A75FE1D68660400329C83 /* TLPhotoMessageCell.m */,
				659A75FF1D68660400329C83 /* TLTextMessageCell.h */,
				659A76001D68660400329C83 /* TLTextMessageCell.m */,
				659A76011D68660400329C83 /* TLVoiceMessageCell.h */,
				659A76021D68660400329C83 /* TLVoiceMessageCell.m */,
			);
			path = Cell;
			sourceTree = "<group>";
		};
		659A76111D68669B00329C83 /* Vendor */ = {
			isa = PBXGroup;
			children = (
				659A76121D68669B00329C83 /* LPlaceholderTextView.h */,
				659A76131D68669B00329C83 /* LPlaceholderTextView.m */,
				659A76141D68669B00329C83 /* NSDate+Utils.h */,
				659A76151D68669B00329C83 /* NSDate+Utils.m */,
				659A76261D68689000329C83 /* TLRecordVoice.h */,
				659A76271D68689000329C83 /* TLRecordVoice.m */,
				659A76281D68689000329C83 /* TLVoicePlayer.h */,
				659A76291D68689000329C83 /* TLVoicePlayer.m */,
				6529C9981D686F46001FB89A /* TLRCManager.h */,
				6529C9991D686F46001FB89A /* TLRCManager.m */,
			);
			path = Vendor;
			sourceTree = "<group>";
		};
		659A762E1D6868A700329C83 /* Controller */ = {
			isa = PBXGroup;
			children = (
				659A762F1D6868A700329C83 /* TLChatViewController.h */,
				659A76301D6868A700329C83 /* TLChatViewController.m */,
			);
			path = Controller;
			sourceTree = "<group>";
		};
		659A76321D6868B300329C83 /* View */ = {
			isa = PBXGroup;
			children = (
				659A76351D6868B300329C83 /* TLChatInputView.h */,
				659A76361D6868B300329C83 /* TLChatInputView.m */,
				659A76371D6868B300329C83 /* TLPluginBoardView.h */,
				659A76381D6868B300329C83 /* TLPluginBoardView.m */,
				659A76331D6868B300329C83 /* TLChatEmojiBoard.h */,
				659A76341D6868B300329C83 /* TLChatEmojiBoard.m */,
				659A76391D6868B300329C83 /* TLRecordVoiceHUD.h */,
				659A763A1D6868B300329C83 /* TLRecordVoiceHUD.m */,
				6529C99E1D69AF3E001FB89A /* TLPhotoBrowser.h */,
				6529C99F1D69AF3E001FB89A /* TLPhotoBrowser.m */,
				6597B7CE1D6AE52A003D7215 /* TLButton.h */,
				6597B7CF1D6AE52A003D7215 /* TLButton.m */,
			);
			path = View;
			sourceTree = "<group>";
		};
		66BC6806D7F92D743898AEB3 /* Frameworks */ = {
			isa = PBXGroup;
			children = (
				791DEB54B7A6A68D4BE26AF8 /* libPods-TLMessageView.a */,
			);
			name = Frameworks;
			sourceTree = "<group>";
		};
/* End PBXGroup section */

/* Begin PBXNativeTarget section */
		65485FE41D65855700C5D48B /* TLMessageView */ = {
			isa = PBXNativeTarget;
			buildConfigurationList = 654860121D65855700C5D48B /* Build configuration list for PBXNativeTarget "TLMessageView" */;
			buildPhases = (
				7E797B18E759AD7584E7CFD7 /* [CP] Check Pods Manifest.lock */,
				65485FE11D65855700C5D48B /* Sources */,
				65485FE21D65855700C5D48B /* Frameworks */,
				65485FE31D65855700C5D48B /* Resources */,
				3B6815014C1B9E5F03BF85DA /* [CP] Embed Pods Frameworks */,
				CD6DB996E86EB8ECBAE140AF /* [CP] Copy Pods Resources */,
			);
			buildRules = (
			);
			dependencies = (
			);
			name = TLMessageView;
			productName = TLMessageView;
			productReference = 65485FE51D65855700C5D48B /* TLMessageView.app */;
			productType = "com.apple.product-type.application";
		};
/* End PBXNativeTarget section */

/* Begin PBXProject section */
		65485FDD1D65855700C5D48B /* Project object */ = {
			isa = PBXProject;
			attributes = {
				LastUpgradeCheck = 0730;
				ORGANIZATIONNAME = com.garry.message;
				TargetAttributes = {
					65485FE41D65855700C5D48B = {
						CreatedOnToolsVersion = 7.3.1;
					};
				};
			};
			buildConfigurationList = 65485FE01D65855700C5D48B /* Build configuration list for PBXProject "TLMessageView" */;
			compatibilityVersion = "Xcode 3.2";
			developmentRegion = English;
			hasScannedForEncodings = 0;
			knownRegions = (
				en,
				Base,
			);
			mainGroup = 65485FDC1D65855700C5D48B;
			productRefGroup = 65485FE61D65855700C5D48B /* Products */;
			projectDirPath = "";
			projectRoot = "";
			targets = (
				65485FE41D65855700C5D48B /* TLMessageView */,
			);
		};
/* End PBXProject section */

/* Begin PBXResourcesBuildPhase section */
		65485FE31D65855700C5D48B /* Resources */ = {
			isa = PBXResourcesBuildPhase;
			buildActionMask = 2147483647;
			files = (
				65485FF81D65855700C5D48B /* LaunchScreen.storyboard in Resources */,
				65485FF51D65855700C5D48B /* Assets.xcassets in Resources */,
			);
			runOnlyForDeploymentPostprocessing = 0;
		};
/* End PBXResourcesBuildPhase section */

/* Begin PBXShellScriptBuildPhase section */
		3B6815014C1B9E5F03BF85DA /* [CP] Embed Pods Frameworks */ = {
			isa = PBXShellScriptBuildPhase;
			buildActionMask = 2147483647;
			files = (
			);
			inputPaths = (
			);
			name = "[CP] Embed Pods Frameworks";
			outputPaths = (
			);
			runOnlyForDeploymentPostprocessing = 0;
			shellPath = /bin/sh;
			shellScript = "\"${SRCROOT}/Pods/Target Support Files/Pods-TLMessageView/Pods-TLMessageView-frameworks.sh\"\n";
			showEnvVarsInLog = 0;
		};
		7E797B18E759AD7584E7CFD7 /* [CP] Check Pods Manifest.lock */ = {
			isa = PBXShellScriptBuildPhase;
			buildActionMask = 2147483647;
			files = (
			);
			inputPaths = (
			);
			name = "[CP] Check Pods Manifest.lock";
			outputPaths = (
			);
			runOnlyForDeploymentPostprocessing = 0;
			shellPath = /bin/sh;
			shellScript = "diff \"${PODS_ROOT}/../Podfile.lock\" \"${PODS_ROOT}/Manifest.lock\" > /dev/null\nif [[ $? != 0 ]] ; then\n    cat << EOM\nerror: The sandbox is not in sync with the Podfile.lock. Run 'pod install' or update your CocoaPods installation.\nEOM\n    exit 1\nfi\n";
			showEnvVarsInLog = 0;
		};
		CD6DB996E86EB8ECBAE140AF /* [CP] Copy Pods Resources */ = {
			isa = PBXShellScriptBuildPhase;
			buildActionMask = 2147483647;
			files = (
			);
			inputPaths = (
			);
			name = "[CP] Copy Pods Resources";
			outputPaths = (
			);
			runOnlyForDeploymentPostprocessing = 0;
			shellPath = /bin/sh;
			shellScript = "\"${SRCROOT}/Pods/Target Support Files/Pods-TLMessageView/Pods-TLMessageView-resources.sh\"\n";
			showEnvVarsInLog = 0;
		};
/* End PBXShellScriptBuildPhase section */

/* Begin PBXSourcesBuildPhase section */
		65485FE11D65855700C5D48B /* Sources */ = {
			isa = PBXSourcesBuildPhase;
			buildActionMask = 2147483647;
			files = (
				6529C9A01D69AF3E001FB89A /* TLPhotoBrowser.m in Sources */,
				659A76161D68669B00329C83 /* LPlaceholderTextView.m in Sources */,
				659A76031D68660400329C83 /* TLMessageCell.m in Sources */,
				659A76171D68669B00329C83 /* NSDate+Utils.m in Sources */,
				659A762C1D68689000329C83 /* TLRecordVoice.m in Sources */,
				659A76061D68660400329C83 /* TLVoiceMessageCell.m in Sources */,
				65485FED1D65855700C5D48B /* AppDelegate.m in Sources */,
				6597B7D01D6AE52A003D7215 /* TLButton.m in Sources */,
				659A76041D68660400329C83 /* TLPhotoMessageCell.m in Sources */,
				659A762D1D68689000329C83 /* TLVoicePlayer.m in Sources */,
				6529C99A1D686F46001FB89A /* TLRCManager.m in Sources */,
				659A76051D68660400329C83 /* TLTextMessageCell.m in Sources */,
				659A763B1D6868B300329C83 /* TLChatEmojiBoard.m in Sources */,
				659A763E1D6868B300329C83 /* TLRecordVoiceHUD.m in Sources */,
				659A76311D6868A700329C83 /* TLChatViewController.m in Sources */,
				659A763C1D6868B300329C83 /* TLChatInputView.m in Sources */,
				659A763D1D6868B300329C83 /* TLPluginBoardView.m in Sources */,
				65485FEA1D65855700C5D48B /* main.m in Sources */,
			);
			runOnlyForDeploymentPostprocessing = 0;
		};
/* End PBXSourcesBuildPhase section */

/* Begin PBXVariantGroup section */
		65485FF61D65855700C5D48B /* LaunchScreen.storyboard */ = {
			isa = PBXVariantGroup;
			children = (
				65485FF71D65855700C5D48B /* Base */,
			);
			name = LaunchScreen.storyboard;
			sourceTree = "<group>";
		};
/* End PBXVariantGroup section */

/* Begin XCBuildConfiguration section */
		654860101D65855700C5D48B /* Debug */ = {
			isa = XCBuildConfiguration;
			buildSettings = {
				ALWAYS_SEARCH_USER_PATHS = NO;
				CLANG_ANALYZER_NONNULL = YES;
				CLANG_CXX_LANGUAGE_STANDARD = "gnu++0x";
				CLANG_CXX_LIBRARY = "libc++";
				CLANG_ENABLE_MODULES = YES;
				CLANG_ENABLE_OBJC_ARC = YES;
				CLANG_WARN_BOOL_CONVERSION = YES;
				CLANG_WARN_CONSTANT_CONVERSION = YES;
				CLANG_WARN_DIRECT_OBJC_ISA_USAGE = YES_ERROR;
				CLANG_WARN_EMPTY_BODY = YES;
				CLANG_WARN_ENUM_CONVERSION = YES;
				CLANG_WARN_INT_CONVERSION = YES;
				CLANG_WARN_OBJC_ROOT_CLASS = YES_ERROR;
				CLANG_WARN_UNREACHABLE_CODE = YES;
				CLANG_WARN__DUPLICATE_METHOD_MATCH = YES;
				"CODE_SIGN_IDENTITY[sdk=iphoneos*]" = "iPhone Developer";
				COPY_PHASE_STRIP = NO;
				DEBUG_INFORMATION_FORMAT = dwarf;
				ENABLE_STRICT_OBJC_MSGSEND = YES;
				ENABLE_TESTABILITY = YES;
				GCC_C_LANGUAGE_STANDARD = gnu99;
				GCC_DYNAMIC_NO_PIC = NO;
				GCC_NO_COMMON_BLOCKS = YES;
				GCC_OPTIMIZATION_LEVEL = 0;
				GCC_PREPROCESSOR_DEFINITIONS = (
					"DEBUG=1",
					"$(inherited)",
				);
				GCC_WARN_64_TO_32_BIT_CONVERSION = YES;
				GCC_WARN_ABOUT_RETURN_TYPE = YES_ERROR;
				GCC_WARN_UNDECLARED_SELECTOR = YES;
				GCC_WARN_UNINITIALIZED_AUTOS = YES_AGGRESSIVE;
				GCC_WARN_UNUSED_FUNCTION = YES;
				GCC_WARN_UNUSED_VARIABLE = YES;
				IPHONEOS_DEPLOYMENT_TARGET = 9.3;
				MTL_ENABLE_DEBUG_INFO = YES;
				ONLY_ACTIVE_ARCH = YES;
				SDKROOT = iphoneos;
				TARGETED_DEVICE_FAMILY = "1,2";
			};
			name = Debug;
		};
		654860111D65855700C5D48B /* Release */ = {
			isa = XCBuildConfiguration;
			buildSettings = {
				ALWAYS_SEARCH_USER_PATHS = NO;
				CLANG_ANALYZER_NONNULL = YES;
				CLANG_CXX_LANGUAGE_STANDARD = "gnu++0x";
				CLANG_CXX_LIBRARY = "libc++";
				CLANG_ENABLE_MODULES = YES;
				CLANG_ENABLE_OBJC_ARC = YES;
				CLANG_WARN_BOOL_CONVERSION = YES;
				CLANG_WARN_CONSTANT_CONVERSION = YES;
				CLANG_WARN_DIRECT_OBJC_ISA_USAGE = YES_ERROR;
				CLANG_WARN_EMPTY_BODY = YES;
				CLANG_WARN_ENUM_CONVERSION = YES;
				CLANG_WARN_INT_CONVERSION = YES;
				CLANG_WARN_OBJC_ROOT_CLASS = YES_ERROR;
				CLANG_WARN_UNREACHABLE_CODE = YES;
				CLANG_WARN__DUPLICATE_METHOD_MATCH = YES;
				"CODE_SIGN_IDENTITY[sdk=iphoneos*]" = "iPhone Developer";
				COPY_PHASE_STRIP = NO;
				DEBUG_INFORMATION_FORMAT = "dwarf-with-dsym";
				ENABLE_NS_ASSERTIONS = NO;
				ENABLE_STRICT_OBJC_MSGSEND = YES;
				GCC_C_LANGUAGE_STANDARD = gnu99;
				GCC_NO_COMMON_BLOCKS = YES;
				GCC_WARN_64_TO_32_BIT_CONVERSION = YES;
				GCC_WARN_ABOUT_RETURN_TYPE = YES_ERROR;
				GCC_WARN_UNDECLARED_SELECTOR = YES;
				GCC_WARN_UNINITIALIZED_AUTOS = YES_AGGRESSIVE;
				GCC_WARN_UNUSED_FUNCTION = YES;
				GCC_WARN_UNUSED_VARIABLE = YES;
				IPHONEOS_DEPLOYMENT_TARGET = 9.3;
				MTL_ENABLE_DEBUG_INFO = NO;
				SDKROOT = iphoneos;
				TARGETED_DEVICE_FAMILY = "1,2";
				VALIDATE_PRODUCT = YES;
			};
			name = Release;
		};
		654860131D65855700C5D48B /* Debug */ = {
			isa = XCBuildConfiguration;
			baseConfigurationReference = BBAD4FEC4CD361ADEA2B4EA9 /* Pods-TLMessageView.debug.xcconfig */;
			buildSettings = {
				ASSETCATALOG_COMPILER_APPICON_NAME = AppIcon;
				ENABLE_BITCODE = NO;
				FRAMEWORK_SEARCH_PATHS = (
					"$(inherited)",
					"$(PROJECT_DIR)/TLMessageView",
				);
				INFOPLIST_FILE = TLMessageView/Info.plist;
				IPHONEOS_DEPLOYMENT_TARGET = 8.0;
				LD_RUNPATH_SEARCH_PATHS = "$(inherited) @executable_path/Frameworks";
				PRODUCT_BUNDLE_IDENTIFIER = aa.TLMessageView;
				PRODUCT_NAME = "$(TARGET_NAME)";
			};
			name = Debug;
		};
		654860141D65855700C5D48B /* Release */ = {
			isa = XCBuildConfiguration;
			baseConfigurationReference = 6F96D07CC0AB7C0FE3283500 /* Pods-TLMessageView.release.xcconfig */;
			buildSettings = {
				ASSETCATALOG_COMPILER_APPICON_NAME = AppIcon;
				ENABLE_BITCODE = NO;
				FRAMEWORK_SEARCH_PATHS = (
					"$(inherited)",
					"$(PROJECT_DIR)/TLMessageView",
				);
				INFOPLIST_FILE = TLMessageView/Info.plist;
				IPHONEOS_DEPLOYMENT_TARGET = 8.0;
				LD_RUNPATH_SEARCH_PATHS = "$(inherited) @executable_path/Frameworks";
				PRODUCT_BUNDLE_IDENTIFIER = aa.TLMessageView;
				PRODUCT_NAME = "$(TARGET_NAME)";
			};
			name = Release;
		};
/* End XCBuildConfiguration section */

/* Begin XCConfigurationList section */
		65485FE01D65855700C5D48B /* Build configuration list for PBXProject "TLMessageView" */ = {
			isa = XCConfigurationList;
			buildConfigurations = (
				654860101D65855700C5D48B /* Debug */,
				654860111D65855700C5D48B /* Release */,
			);
			defaultConfigurationIsVisible = 0;
			defaultConfigurationName = Release;
		};
		654860121D65855700C5D48B /* Build configuration list for PBXNativeTarget "TLMessageView" */ = {
			isa = XCConfigurationList;
			buildConfigurations = (
				654860131D65855700C5D48B /* Debug */,
				654860141D65855700C5D48B /* Release */,
			);
			defaultConfigurationIsVisible = 0;
			defaultConfigurationName = Release;
		};
/* End XCConfigurationList section */
	};
	rootObject = 65485FDD1D65855700C5D48B /* Project object */;
}
